
Microsoft Visual Studio Solution File, Format Version 12.00
# Visual Studio Version 17
VisualStudioVersion = 17.2.32519.379
MinimumVisualStudioVersion = 10.0.40219.1
Project("{FAE04EC0-301F-11D3-BF4B-00C04F79EFBC}") = "trackingapi", "trackingapi\trackingapi.csproj", "{22E716C3-F9DF-4226-9A63-85EA9D1E9585}"
EndProject
Global
	GlobalSection(SolutionConfigurationPlatforms) = preSolution
		Debug|Any CPU = Debug|Any CPU
		Release|Any CPU = Release|Any CPU
	EndGlobalSection
	GlobalSection(ProjectConfigurationPlatforms) = postSolution
		{22E716C3-F9DF-4226-9A63-85EA9D1E9585}.Debug|Any CPU.ActiveCfg = Debug|Any CPU
		{22E716C3-F9DF-4226-9A63-85EA9D1E9585}.Debug|Any CPU.Build.0 = Debug|Any CPU
		{22E716C3-F9DF-4226-9A63-85EA9D1E9585}.Release|Any CPU.ActiveCfg = Release|Any CPU
		{22E716C3-F9DF-4226-9A63-85EA9D1E9585}.Release|Any CPU.Build.0 = Release|Any CPU
	EndGlobalSection
	GlobalSection(SolutionProperties) = preSolution
		HideSolutionNode = FALSE
	EndGlobalSection
	GlobalSection(ExtensibilityGlobals) = postSolution
		SolutionGuid = {21544543-5B74-438D-BB2D-82D6441F526A}
	EndGlobalSection
EndGlobal
